
Microsoft Visual Studio Solution File, Format Version 12.00
# Visual Studio Version 17
VisualStudioVersion = 17.8.34408.163
MinimumVisualStudioVersion = 10.0.40219.1
Project("{FAE04EC0-301F-11D3-BF4B-00C04F79EFBC}") = "mod5_1302220104", "mod5_1302220104\mod5_1302220104.csproj", "{144B04ED-51AB-40DF-91DE-0C0EF05B9220}"
EndProject
Global
	GlobalSection(SolutionConfigurationPlatforms) = preSolution
		Debug|Any CPU = Debug|Any CPU
		Release|Any CPU = Release|Any CPU
	EndGlobalSection
	GlobalSection(ProjectConfigurationPlatforms) = postSolution
		{144B04ED-51AB-40DF-91DE-0C0EF05B9220}.Debug|Any CPU.ActiveCfg = Debug|Any CPU
		{144B04ED-51AB-40DF-91DE-0C0EF05B9220}.Debug|Any CPU.Build.0 = Debug|Any CPU
		{144B04ED-51AB-40DF-91DE-0C0EF05B9220}.Release|Any CPU.ActiveCfg = Release|Any CPU
		{144B04ED-51AB-40DF-91DE-0C0EF05B9220}.Release|Any CPU.Build.0 = Release|Any CPU
	EndGlobalSection
	GlobalSection(SolutionProperties) = preSolution
		HideSolutionNode = FALSE
	EndGlobalSection
	GlobalSection(ExtensibilityGlobals) = postSolution
		SolutionGuid = {B9748F50-174C-4F3D-8921-0ACA3051289C}
	EndGlobalSection
EndGlobal
